
Microsoft Visual Studio Solution File, Format Version 12.00
# Visual Studio Version 17
VisualStudioVersion = 17.0.32014.148
MinimumVisualStudioVersion = 10.0.40219.1
Project("{FAE04EC0-301F-11D3-BF4B-00C04F79EFBC}") = "LeumitWorker", "LeumitWorker\LeumitWorker.csproj", "{1CB3ED9B-DCE0-45C3-8E7D-52CF9ED332EF}"
EndProject
Global
	GlobalSection(SolutionConfigurationPlatforms) = preSolution
		Debug|Any CPU = Debug|Any CPU
		Release|Any CPU = Release|Any CPU
	EndGlobalSection
	GlobalSection(ProjectConfigurationPlatforms) = postSolution
		{1CB3ED9B-DCE0-45C3-8E7D-52CF9ED332EF}.Debug|Any CPU.ActiveCfg = Debug|Any CPU
		{1CB3ED9B-DCE0-45C3-8E7D-52CF9ED332EF}.Debug|Any CPU.Build.0 = Debug|Any CPU
		{1CB3ED9B-DCE0-45C3-8E7D-52CF9ED332EF}.Release|Any CPU.ActiveCfg = Release|Any CPU
		{1CB3ED9B-DCE0-45C3-8E7D-52CF9ED332EF}.Release|Any CPU.Build.0 = Release|Any CPU
	EndGlobalSection
	GlobalSection(SolutionProperties) = preSolution
		HideSolutionNode = FALSE
	EndGlobalSection
	GlobalSection(ExtensibilityGlobals) = postSolution
		SolutionGuid = {A643F3CC-A8CE-4E15-96B0-DAD1B81D429B}
	EndGlobalSection
EndGlobal
